
Microsoft Visual Studio Solution File, Format Version 12.00
# Visual Studio Version 17
VisualStudioVersion = 17.4.33213.308
MinimumVisualStudioVersion = 10.0.40219.1
Project("{FAE04EC0-301F-11D3-BF4B-00C04F79EFBC}") = "BookStore2", "BookStore2.csproj", "{EC2AB47C-1C88-42CA-9B5E-EFC96D91C904}"
EndProject
Global
	GlobalSection(SolutionConfigurationPlatforms) = preSolution
		Debug|Any CPU = Debug|Any CPU
		Release|Any CPU = Release|Any CPU
	EndGlobalSection
	GlobalSection(ProjectConfigurationPlatforms) = postSolution
		{EC2AB47C-1C88-42CA-9B5E-EFC96D91C904}.Debug|Any CPU.ActiveCfg = Debug|Any CPU
		{EC2AB47C-1C88-42CA-9B5E-EFC96D91C904}.Debug|Any CPU.Build.0 = Debug|Any CPU
		{EC2AB47C-1C88-42CA-9B5E-EFC96D91C904}.Release|Any CPU.ActiveCfg = Release|Any CPU
		{EC2AB47C-1C88-42CA-9B5E-EFC96D91C904}.Release|Any CPU.Build.0 = Release|Any CPU
	EndGlobalSection
	GlobalSection(SolutionProperties) = preSolution
		HideSolutionNode = FALSE
	EndGlobalSection
	GlobalSection(ExtensibilityGlobals) = postSolution
		SolutionGuid = {0E3D7732-E8EB-4099-B057-F37D2CC77E8F}
	EndGlobalSection
EndGlobal
